// !$*UTF8*$!
{
	archiveVersion = 1;
	classes = {
	};
	objectVersion = 46;
	objects = {

/* Begin PBXBuildFile section */
		59848AB81AC4997A0011BB18 /* FLGUniverseTableViewController.m in Sources */ = {isa = PBXBuildFile; fileRef = 59848AB71AC4997A0011BB18 /* FLGUniverseTableViewController.m */; };
		59887CD71AC203B6003D6FB7 /* main.m in Sources */ = {isa = PBXBuildFile; fileRef = 59887CD61AC203B6003D6FB7 /* main.m */; };
		59887CDA1AC203B6003D6FB7 /* AppDelegate.m in Sources */ = {isa = PBXBuildFile; fileRef = 59887CD91AC203B6003D6FB7 /* AppDelegate.m */; };
		59887CDC1AC203B6003D6FB7 /* Images.xcassets in Resources */ = {isa = PBXBuildFile; fileRef = 59887CDB1AC203B6003D6FB7 /* Images.xcassets */; };
		59887CDF1AC203B6003D6FB7 /* LaunchScreen.xib in Resources */ = {isa = PBXBuildFile; fileRef = 59887CDD1AC203B6003D6FB7 /* LaunchScreen.xib */; };
		59887CEB1AC203B6003D6FB7 /* StarWarsTests.m in Sources */ = {isa = PBXBuildFile; fileRef = 59887CEA1AC203B6003D6FB7 /* StarWarsTests.m */; };
		59887CF61AC215C6003D6FB7 /* FLGStarWarsCharacter.m in Sources */ = {isa = PBXBuildFile; fileRef = 59887CF51AC215C6003D6FB7 /* FLGStarWarsCharacter.m */; };
		59887D001AC21A88003D6FB7 /* FLGCharacterViewController.m in Sources */ = {isa = PBXBuildFile; fileRef = 59887CFE1AC21A88003D6FB7 /* FLGCharacterViewController.m */; };
		59887D011AC21A88003D6FB7 /* FLGCharacterViewController.xib in Resources */ = {isa = PBXBuildFile; fileRef = 59887CFF1AC21A88003D6FB7 /* FLGCharacterViewController.xib */; };
		59887D131AC22818003D6FB7 /* c3po.jpg in Resources */ = {isa = PBXBuildFile; fileRef = 59887D031AC22818003D6FB7 /* c3po.jpg */; };
		59887D141AC22818003D6FB7 /* c3po.caf in Resources */ = {isa = PBXBuildFile; fileRef = 59887D041AC22818003D6FB7 /* c3po.caf */; };
		59887D151AC22818003D6FB7 /* chewbacca.caf in Resources */ = {isa = PBXBuildFile; fileRef = 59887D051AC22818003D6FB7 /* chewbacca.caf */; };
		59887D161AC22818003D6FB7 /* chewbacca.jpg in Resources */ = {isa = PBXBuildFile; fileRef = 59887D061AC22818003D6FB7 /* chewbacca.jpg */; };
		59887D171AC22818003D6FB7 /* darthVader.jpg in Resources */ = {isa = PBXBuildFile; fileRef = 59887D071AC22818003D6FB7 /* darthVader.jpg */; };
		59887D181AC22818003D6FB7 /* icon.png in Resources */ = {isa = PBXBuildFile; fileRef = 59887D081AC22818003D6FB7 /* icon.png */; };
		59887D191AC22818003D6FB7 /* iconSmall.png in Resources */ = {isa = PBXBuildFile; fileRef = 59887D091AC22818003D6FB7 /* iconSmall.png */; };
		59887D1A1AC22818003D6FB7 /* palpatine.caf in Resources */ = {isa = PBXBuildFile; fileRef = 59887D0A1AC22818003D6FB7 /* palpatine.caf */; };
		59887D1B1AC22818003D6FB7 /* palpatine.jpg in Resources */ = {isa = PBXBuildFile; fileRef = 59887D0B1AC22818003D6FB7 /* palpatine.jpg */; };
		59887D1C1AC22818003D6FB7 /* r2-d2.caf in Resources */ = {isa = PBXBuildFile; fileRef = 59887D0C1AC22818003D6FB7 /* r2-d2.caf */; };
		59887D1D1AC22818003D6FB7 /* R2-D2.jpg in Resources */ = {isa = PBXBuildFile; fileRef = 59887D0D1AC22818003D6FB7 /* R2-D2.jpg */; };
		59887D1E1AC22818003D6FB7 /* tarkin.caf in Resources */ = {isa = PBXBuildFile; fileRef = 59887D0E1AC22818003D6FB7 /* tarkin.caf */; };
		59887D1F1AC22818003D6FB7 /* tarkin.jpg in Resources */ = {isa = PBXBuildFile; fileRef = 59887D0F1AC22818003D6FB7 /* tarkin.jpg */; };
		59887D201AC22818003D6FB7 /* vader.caf in Resources */ = {isa = PBXBuildFile; fileRef = 59887D101AC22818003D6FB7 /* vader.caf */; };
		59887D211AC22818003D6FB7 /* yoda.caf in Resources */ = {isa = PBXBuildFile; fileRef = 59887D111AC22818003D6FB7 /* yoda.caf */; };
		59887D221AC22818003D6FB7 /* yoda.jpg in Resources */ = {isa = PBXBuildFile; fileRef = 59887D121AC22818003D6FB7 /* yoda.jpg */; };
		59B02D821AC346BE00FC0463 /* CafPlayer.m in Sources */ = {isa = PBXBuildFile; fileRef = 59B02D811AC346BE00FC0463 /* CafPlayer.m */; };
		59B02D871AC34E6000FC0463 /* FLGWikiViewController.m in Sources */ = {isa = PBXBuildFile; fileRef = 59B02D851AC34E6000FC0463 /* FLGWikiViewController.m */; };
		59B02D881AC34E6000FC0463 /* FLGWikiViewController.xib in Resources */ = {isa = PBXBuildFile; fileRef = 59B02D861AC34E6000FC0463 /* FLGWikiViewController.xib */; };
		59B02D8B1AC3598B00FC0463 /* icono_alumno.png in Resources */ = {isa = PBXBuildFile; fileRef = 59B02D891AC3598B00FC0463 /* icono_alumno.png */; };
		59B02D8C1AC3598B00FC0463 /* icono_practica.png in Resources */ = {isa = PBXBuildFile; fileRef = 59B02D8A1AC3598B00FC0463 /* icono_practica.png */; };
		59B02D901AC3768D00FC0463 /* FLGStarWarsUniverse.m in Sources */ = {isa = PBXBuildFile; fileRef = 59B02D8F1AC3768D00FC0463 /* FLGStarWarsUniverse.m */; };
		59B02D9B1AC457B400FC0463 /* c-3po_icon.png in Resources */ = {isa = PBXBuildFile; fileRef = 59B02D911AC457B400FC0463 /* c-3po_icon.png */; };
		59B02D9C1AC457B400FC0463 /* c-3po_icon@2x.png in Resources */ = {isa = PBXBuildFile; fileRef = 59B02D921AC457B400FC0463 /* c-3po_icon@2x.png */; };
		59B02D9D1AC457B400FC0463 /* chewbacca_icon.png in Resources */ = {isa = PBXBuildFile; fileRef = 59B02D931AC457B400FC0463 /* chewbacca_icon.png */; };
		59B02D9E1AC457B400FC0463 /* chewbacca_icon@2x.png in Resources */ = {isa = PBXBuildFile; fileRef = 59B02D941AC457B400FC0463 /* chewbacca_icon@2x.png */; };
		59B02D9F1AC457B400FC0463 /* r2d2_icon.png in Resources */ = {isa = PBXBuildFile; fileRef = 59B02D951AC457B400FC0463 /* r2d2_icon.png */; };
		59B02DA01AC457B400FC0463 /* r2d2_icon@2x.png in Resources */ = {isa = PBXBuildFile; fileRef = 59B02D961AC457B400FC0463 /* r2d2_icon@2x.png */; };
		59B02DA11AC457B400FC0463 /* vader_icon.png in Resources */ = {isa = PBXBuildFile; fileRef = 59B02D971AC457B400FC0463 /* vader_icon.png */; };
		59B02DA21AC457B400FC0463 /* vader_icon@2x.png in Resources */ = {isa = PBXBuildFile; fileRef = 59B02D981AC457B400FC0463 /* vader_icon@2x.png */; };
		59B02DA31AC457B400FC0463 /* yoda_icon.png in Resources */ = {isa = PBXBuildFile; fileRef = 59B02D991AC457B400FC0463 /* yoda_icon.png */; };
		59B02DA41AC457B400FC0463 /* yoda_icon@2x.png in Resources */ = {isa = PBXBuildFile; fileRef = 59B02D9A1AC457B400FC0463 /* yoda_icon@2x.png */; };
/* End PBXBuildFile section */

/* Begin PBXContainerItemProxy section */
		59887CE51AC203B6003D6FB7 /* PBXContainerItemProxy */ = {
			isa = PBXContainerItemProxy;
			containerPortal = 59887CC91AC203B6003D6FB7 /* Project object */;
			proxyType = 1;
			remoteGlobalIDString = 59887CD01AC203B6003D6FB7;
			remoteInfo = StarWars;
		};
/* End PBXContainerItemProxy section */

/* Begin PBXFileReference section */
		59848AB61AC4997A0011BB18 /* FLGUniverseTableViewController.h */ = {isa = PBXFileReference; fileEncoding = 4; lastKnownFileType = sourcecode.c.h; path = FLGUniverseTableViewController.h; sourceTree = "<group>"; };
		59848AB71AC4997A0011BB18 /* FLGUniverseTableViewController.m */ = {isa = PBXFileReference; fileEncoding = 4; lastKnownFileType = sourcecode.c.objc; path = FLGUniverseTableViewController.m; sourceTree = "<group>"; };
		59887CD11AC203B6003D6FB7 /* StarWars.app */ = {isa = PBXFileReference; explicitFileType = wrapper.application; includeInIndex = 0; path = StarWars.app; sourceTree = BUILT_PRODUCTS_DIR; };
		59887CD51AC203B6003D6FB7 /* Info.plist */ = {isa = PBXFileReference; lastKnownFileType = text.plist.xml; path = Info.plist; sourceTree = "<group>"; };
		59887CD61AC203B6003D6FB7 /* main.m */ = {isa = PBXFileReference; lastKnownFileType = sourcecode.c.objc; path = main.m; sourceTree = "<group>"; };
		59887CD81AC203B6003D6FB7 /* AppDelegate.h */ = {isa = PBXFileReference; lastKnownFileType = sourcecode.c.h; path = AppDelegate.h; sourceTree = "<group>"; };
		59887CD91AC203B6003D6FB7 /* AppDelegate.m */ = {isa = PBXFileReference; lastKnownFileType = sourcecode.c.objc; path = AppDelegate.m; sourceTree = "<group>"; };
		59887CDB1AC203B6003D6FB7 /* Images.xcassets */ = {isa = PBXFileReference; lastKnownFileType = folder.assetcatalog; path = Images.xcassets; sourceTree = "<group>"; };
		59887CDE1AC203B6003D6FB7 /* Base */ = {isa = PBXFileReference; lastKnownFileType = file.xib; name = Base; path = Base.lproj/LaunchScreen.xib; sourceTree = "<group>"; };
		59887CE41AC203B6003D6FB7 /* StarWarsTests.xctest */ = {isa = PBXFileReference; explicitFileType = wrapper.cfbundle; includeInIndex = 0; path = StarWarsTests.xctest; sourceTree = BUILT_PRODUCTS_DIR; };
		59887CE91AC203B6003D6FB7 /* Info.plist */ = {isa = PBXFileReference; lastKnownFileType = text.plist.xml; path = Info.plist; sourceTree = "<group>"; };
		59887CEA1AC203B6003D6FB7 /* StarWarsTests.m */ = {isa = PBXFileReference; lastKnownFileType = sourcecode.c.objc; path = StarWarsTests.m; sourceTree = "<group>"; };
		59887CF41AC215C6003D6FB7 /* FLGStarWarsCharacter.h */ = {isa = PBXFileReference; fileEncoding = 4; lastKnownFileType = sourcecode.c.h; path = FLGStarWarsCharacter.h; sourceTree = "<group>"; };
		59887CF51AC215C6003D6FB7 /* FLGStarWarsCharacter.m */ = {isa = PBXFileReference; fileEncoding = 4; lastKnownFileType = sourcecode.c.objc; path = FLGStarWarsCharacter.m; sourceTree = "<group>"; };
		59887CFD1AC21A88003D6FB7 /* FLGCharacterViewController.h */ = {isa = PBXFileReference; fileEncoding = 4; lastKnownFileType = sourcecode.c.h; path = FLGCharacterViewController.h; sourceTree = "<group>"; };
		59887CFE1AC21A88003D6FB7 /* FLGCharacterViewController.m */ = {isa = PBXFileReference; fileEncoding = 4; lastKnownFileType = sourcecode.c.objc; path = FLGCharacterViewController.m; sourceTree = "<group>"; };
		59887CFF1AC21A88003D6FB7 /* FLGCharacterViewController.xib */ = {isa = PBXFileReference; fileEncoding = 4; lastKnownFileType = file.xib; path = FLGCharacterViewController.xib; sourceTree = "<group>"; };
		59887D031AC22818003D6FB7 /* c3po.jpg */ = {isa = PBXFileReference; lastKnownFileType = image.jpeg; path = c3po.jpg; sourceTree = "<group>"; };
		59887D041AC22818003D6FB7 /* c3po.caf */ = {isa = PBXFileReference; lastKnownFileType = file; path = c3po.caf; sourceTree = "<group>"; };
		59887D051AC22818003D6FB7 /* chewbacca.caf */ = {isa = PBXFileReference; lastKnownFileType = file; path = chewbacca.caf; sourceTree = "<group>"; };
		59887D061AC22818003D6FB7 /* chewbacca.jpg */ = {isa = PBXFileReference; lastKnownFileType = image.jpeg; path = chewbacca.jpg; sourceTree = "<group>"; };
		59887D071AC22818003D6FB7 /* darthVader.jpg */ = {isa = PBXFileReference; lastKnownFileType = image.jpeg; path = darthVader.jpg; sourceTree = "<group>"; };
		59887D081AC22818003D6FB7 /* icon.png */ = {isa = PBXFileReference; lastKnownFileType = image.png; path = icon.png; sourceTree = "<group>"; };
		59887D091AC22818003D6FB7 /* iconSmall.png */ = {isa = PBXFileReference; lastKnownFileType = image.png; path = iconSmall.png; sourceTree = "<group>"; };
		59887D0A1AC22818003D6FB7 /* palpatine.caf */ = {isa = PBXFileReference; lastKnownFileType = file; path = palpatine.caf; sourceTree = "<group>"; };
		59887D0B1AC22818003D6FB7 /* palpatine.jpg */ = {isa = PBXFileReference; lastKnownFileType = image.jpeg; path = palpatine.jpg; sourceTree = "<group>"; };
		59887D0C1AC22818003D6FB7 /* r2-d2.caf */ = {isa = PBXFileReference; lastKnownFileType = file; path = "r2-d2.caf"; sourceTree = "<group>"; };
		59887D0D1AC22818003D6FB7 /* R2-D2.jpg */ = {isa = PBXFileReference; lastKnownFileType = image.jpeg; path = "R2-D2.jpg"; sourceTree = "<group>"; };
		59887D0E1AC22818003D6FB7 /* tarkin.caf */ = {isa = PBXFileReference; lastKnownFileType = file; path = tarkin.caf; sourceTree = "<group>"; };
		59887D0F1AC22818003D6FB7 /* tarkin.jpg */ = {isa = PBXFileReference; lastKnownFileType = image.jpeg; path = tarkin.jpg; sourceTree = "<group>"; };
		59887D101AC22818003D6FB7 /* vader.caf */ = {isa = PBXFileReference; lastKnownFileType = file; path = vader.caf; sourceTree = "<group>"; };
		59887D111AC22818003D6FB7 /* yoda.caf */ = {isa = PBXFileReference; lastKnownFileType = file; path = yoda.caf; sourceTree = "<group>"; };
		59887D121AC22818003D6FB7 /* yoda.jpg */ = {isa = PBXFileReference; lastKnownFileType = image.jpeg; path = yoda.jpg; sourceTree = "<group>"; };
		59B02D801AC346BE00FC0463 /* CafPlayer.h */ = {isa = PBXFileReference; fileEncoding = 4; lastKnownFileType = sourcecode.c.h; path = CafPlayer.h; sourceTree = "<group>"; };
		59B02D811AC346BE00FC0463 /* CafPlayer.m */ = {isa = PBXFileReference; fileEncoding = 4; lastKnownFileType = sourcecode.c.objc; path = CafPlayer.m; sourceTree = "<group>"; };
		59B02D841AC34E6000FC0463 /* FLGWikiViewController.h */ = {isa = PBXFileReference; fileEncoding = 4; lastKnownFileType = sourcecode.c.h; path = FLGWikiViewController.h; sourceTree = "<group>"; };
		59B02D851AC34E6000FC0463 /* FLGWikiViewController.m */ = {isa = PBXFileReference; fileEncoding = 4; lastKnownFileType = sourcecode.c.objc; path = FLGWikiViewController.m; sourceTree = "<group>"; };
		59B02D861AC34E6000FC0463 /* FLGWikiViewController.xib */ = {isa = PBXFileReference; fileEncoding = 4; lastKnownFileType = file.xib; path = FLGWikiViewController.xib; sourceTree = "<group>"; };
		59B02D891AC3598B00FC0463 /* icono_alumno.png */ = {isa = PBXFileReference; lastKnownFileType = image.png; path = icono_alumno.png; sourceTree = "<group>"; };
		59B02D8A1AC3598B00FC0463 /* icono_practica.png */ = {isa = PBXFileReference; lastKnownFileType = image.png; path = icono_practica.png; sourceTree = "<group>"; };
		59B02D8E1AC3768D00FC0463 /* FLGStarWarsUniverse.h */ = {isa = PBXFileReference; fileEncoding = 4; lastKnownFileType = sourcecode.c.h; path = FLGStarWarsUniverse.h; sourceTree = "<group>"; };
		59B02D8F1AC3768D00FC0463 /* FLGStarWarsUniverse.m */ = {isa = PBXFileReference; fileEncoding = 4; lastKnownFileType = sourcecode.c.objc; path = FLGStarWarsUniverse.m; sourceTree = "<group>"; };
		59B02D911AC457B400FC0463 /* c-3po_icon.png */ = {isa = PBXFileReference; lastKnownFileType = image.png; path = "c-3po_icon.png"; sourceTree = "<group>"; };
		59B02D921AC457B400FC0463 /* c-3po_icon@2x.png */ = {isa = PBXFileReference; lastKnownFileType = image.png; path = "c-3po_icon@2x.png"; sourceTree = "<group>"; };
		59B02D931AC457B400FC0463 /* chewbacca_icon.png */ = {isa = PBXFileReference; lastKnownFileType = image.png; path = chewbacca_icon.png; sourceTree = "<group>"; };
		59B02D941AC457B400FC0463 /* chewbacca_icon@2x.png */ = {isa = PBXFileReference; lastKnownFileType = image.png; path = "chewbacca_icon@2x.png"; sourceTree = "<group>"; };
		59B02D951AC457B400FC0463 /* r2d2_icon.png */ = {isa = PBXFileReference; lastKnownFileType = image.png; path = r2d2_icon.png; sourceTree = "<group>"; };
		59B02D961AC457B400FC0463 /* r2d2_icon@2x.png */ = {isa = PBXFileReference; lastKnownFileType = image.png; path = "r2d2_icon@2x.png"; sourceTree = "<group>"; };
		59B02D971AC457B400FC0463 /* vader_icon.png */ = {isa = PBXFileReference; lastKnownFileType = image.png; path = vader_icon.png; sourceTree = "<group>"; };
		59B02D981AC457B400FC0463 /* vader_icon@2x.png */ = {isa = PBXFileReference; lastKnownFileType = image.png; path = "vader_icon@2x.png"; sourceTree = "<group>"; };
		59B02D991AC457B400FC0463 /* yoda_icon.png */ = {isa = PBXFileReference; lastKnownFileType = image.png; path = yoda_icon.png; sourceTree = "<group>"; };
		59B02D9A1AC457B400FC0463 /* yoda_icon@2x.png */ = {isa = PBXFileReference; lastKnownFileType = image.png; path = "yoda_icon@2x.png"; sourceTree = "<group>"; };
/* End PBXFileReference section */

/* Begin PBXFrameworksBuildPhase section */
		59887CCE1AC203B6003D6FB7 /* Frameworks */ = {
			isa = PBXFrameworksBuildPhase;
			buildActionMask = 2147483647;
			files = (
			);
			runOnlyForDeploymentPostprocessing = 0;
		};
		59887CE11AC203B6003D6FB7 /* Frameworks */ = {
			isa = PBXFrameworksBuildPhase;
			buildActionMask = 2147483647;
			files = (
			);
			runOnlyForDeploymentPostprocessing = 0;
		};
/* End PBXFrameworksBuildPhase section */

/* Begin PBXGroup section */
		59887CC81AC203B6003D6FB7 = {
			isa = PBXGroup;
			children = (
				59887CD31AC203B6003D6FB7 /* StarWars */,
				59887CE71AC203B6003D6FB7 /* StarWarsTests */,
				59887CD21AC203B6003D6FB7 /* Products */,
			);
			sourceTree = "<group>";
		};
		59887CD21AC203B6003D6FB7 /* Products */ = {
			isa = PBXGroup;
			children = (
				59887CD11AC203B6003D6FB7 /* StarWars.app */,
				59887CE41AC203B6003D6FB7 /* StarWarsTests.xctest */,
			);
			name = Products;
			sourceTree = "<group>";
		};
		59887CD31AC203B6003D6FB7 /* StarWars */ = {
			isa = PBXGroup;
			children = (
				59887CD81AC203B6003D6FB7 /* AppDelegate.h */,
				59887CD91AC203B6003D6FB7 /* AppDelegate.m */,
				59887CDB1AC203B6003D6FB7 /* Images.xcassets */,
				59887CDD1AC203B6003D6FB7 /* LaunchScreen.xib */,
				59887CF71AC215CC003D6FB7 /* Models */,
				59887D021AC21A8C003D6FB7 /* Controllers */,
				59B02D831AC3470800FC0463 /* Sound */,
				59887D231AC22820003D6FB7 /* Resources */,
				59887CD41AC203B6003D6FB7 /* Supporting Files */,
			);
			path = StarWars;
			sourceTree = "<group>";
		};
		59887CD41AC203B6003D6FB7 /* Supporting Files */ = {
			isa = PBXGroup;
			children = (
				59887CD51AC203B6003D6FB7 /* Info.plist */,
				59887CD61AC203B6003D6FB7 /* main.m */,
			);
			name = "Supporting Files";
			sourceTree = "<group>";
		};
		59887CE71AC203B6003D6FB7 /* StarWarsTests */ = {
			isa = PBXGroup;
			children = (
				59887CEA1AC203B6003D6FB7 /* StarWarsTests.m */,
				59887CE81AC203B6003D6FB7 /* Supporting Files */,
			);
			path = StarWarsTests;
			sourceTree = "<group>";
		};
		59887CE81AC203B6003D6FB7 /* Supporting Files */ = {
			isa = PBXGroup;
			children = (
				59887CE91AC203B6003D6FB7 /* Info.plist */,
			);
			name = "Supporting Files";
			sourceTree = "<group>";
		};
		59887CF71AC215CC003D6FB7 /* Models */ = {
			isa = PBXGroup;
			children = (
				59887CF41AC215C6003D6FB7 /* FLGStarWarsCharacter.h */,
				59887CF51AC215C6003D6FB7 /* FLGStarWarsCharacter.m */,
				59B02D8E1AC3768D00FC0463 /* FLGStarWarsUniverse.h */,
				59B02D8F1AC3768D00FC0463 /* FLGStarWarsUniverse.m */,
			);
			name = Models;
			sourceTree = "<group>";
		};
		59887D021AC21A8C003D6FB7 /* Controllers */ = {
			isa = PBXGroup;
			children = (
				59887CFD1AC21A88003D6FB7 /* FLGCharacterViewController.h */,
				59887CFE1AC21A88003D6FB7 /* FLGCharacterViewController.m */,
				59887CFF1AC21A88003D6FB7 /* FLGCharacterViewController.xib */,
				59B02D841AC34E6000FC0463 /* FLGWikiViewController.h */,
				59B02D851AC34E6000FC0463 /* FLGWikiViewController.m */,
				59B02D861AC34E6000FC0463 /* FLGWikiViewController.xib */,
				59848AB61AC4997A0011BB18 /* FLGUniverseTableViewController.h */,
				59848AB71AC4997A0011BB18 /* FLGUniverseTableViewController.m */,
			);
			name = Controllers;
			sourceTree = "<group>";
		};
		59887D231AC22820003D6FB7 /* Resources */ = {
			isa = PBXGroup;
			children = (
				59B02D8D1AC3599700FC0463 /* TabBar */,
				59887D031AC22818003D6FB7 /* c3po.jpg */,
				59887D041AC22818003D6FB7 /* c3po.caf */,
				59887D051AC22818003D6FB7 /* chewbacca.caf */,
				59887D061AC22818003D6FB7 /* chewbacca.jpg */,
				59887D071AC22818003D6FB7 /* darthVader.jpg */,
				59887D081AC22818003D6FB7 /* icon.png */,
				59887D091AC22818003D6FB7 /* iconSmall.png */,
				59887D0A1AC22818003D6FB7 /* palpatine.caf */,
				59887D0B1AC22818003D6FB7 /* palpatine.jpg */,
				59887D0C1AC22818003D6FB7 /* r2-d2.caf */,
				59887D0D1AC22818003D6FB7 /* R2-D2.jpg */,
				59887D0E1AC22818003D6FB7 /* tarkin.caf */,
				59887D0F1AC22818003D6FB7 /* tarkin.jpg */,
				59887D101AC22818003D6FB7 /* vader.caf */,
				59887D111AC22818003D6FB7 /* yoda.caf */,
				59887D121AC22818003D6FB7 /* yoda.jpg */,
			);
			name = Resources;
			sourceTree = "<group>";
		};
		59B02D831AC3470800FC0463 /* Sound */ = {
			isa = PBXGroup;
			children = (
				59B02D801AC346BE00FC0463 /* CafPlayer.h */,
				59B02D811AC346BE00FC0463 /* CafPlayer.m */,
			);
			name = Sound;
			sourceTree = "<group>";
		};
		59B02D8D1AC3599700FC0463 /* TabBar */ = {
			isa = PBXGroup;
			children = (
				59B02D911AC457B400FC0463 /* c-3po_icon.png */,
				59B02D921AC457B400FC0463 /* c-3po_icon@2x.png */,
				59B02D931AC457B400FC0463 /* chewbacca_icon.png */,
				59B02D941AC457B400FC0463 /* chewbacca_icon@2x.png */,
				59B02D951AC457B400FC0463 /* r2d2_icon.png */,
				59B02D961AC457B400FC0463 /* r2d2_icon@2x.png */,
				59B02D971AC457B400FC0463 /* vader_icon.png */,
				59B02D981AC457B400FC0463 /* vader_icon@2x.png */,
				59B02D991AC457B400FC0463 /* yoda_icon.png */,
				59B02D9A1AC457B400FC0463 /* yoda_icon@2x.png */,
				59B02D891AC3598B00FC0463 /* icono_alumno.png */,
				59B02D8A1AC3598B00FC0463 /* icono_practica.png */,
			);
			name = TabBar;
			sourceTree = "<group>";
		};
/* End PBXGroup section */

/* Begin PBXNativeTarget section */
		59887CD01AC203B6003D6FB7 /* StarWars */ = {
			isa = PBXNativeTarget;
			buildConfigurationList = 59887CEE1AC203B6003D6FB7 /* Build configuration list for PBXNativeTarget "StarWars" */;
			buildPhases = (
				59887CCD1AC203B6003D6FB7 /* Sources */,
				59887CCE1AC203B6003D6FB7 /* Frameworks */,
				59887CCF1AC203B6003D6FB7 /* Resources */,
			);
			buildRules = (
			);
			dependencies = (
			);
			name = StarWars;
			productName = StarWars;
			productReference = 59887CD11AC203B6003D6FB7 /* StarWars.app */;
			productType = "com.apple.product-type.application";
		};
		59887CE31AC203B6003D6FB7 /* StarWarsTests */ = {
			isa = PBXNativeTarget;
			buildConfigurationList = 59887CF11AC203B6003D6FB7 /* Build configuration list for PBXNativeTarget "StarWarsTests" */;
			buildPhases = (
				59887CE01AC203B6003D6FB7 /* Sources */,
				59887CE11AC203B6003D6FB7 /* Frameworks */,
				59887CE21AC203B6003D6FB7 /* Resources */,
			);
			buildRules = (
			);
			dependencies = (
				59887CE61AC203B6003D6FB7 /* PBXTargetDependency */,
			);
			name = StarWarsTests;
			productName = StarWarsTests;
			productReference = 59887CE41AC203B6003D6FB7 /* StarWarsTests.xctest */;
			productType = "com.apple.product-type.bundle.unit-test";
		};
/* End PBXNativeTarget section */

/* Begin PBXProject section */
		59887CC91AC203B6003D6FB7 /* Project object */ = {
			isa = PBXProject;
			attributes = {
				CLASSPREFIX = FLG;
				LastUpgradeCheck = 0620;
				ORGANIZATIONNAME = FillinGAPPs;
				TargetAttributes = {
					59887CD01AC203B6003D6FB7 = {
						CreatedOnToolsVersion = 6.2;
						DevelopmentTeam = H28D9YK49Q;
					};
					59887CE31AC203B6003D6FB7 = {
						CreatedOnToolsVersion = 6.2;
						TestTargetID = 59887CD01AC203B6003D6FB7;
					};
				};
			};
			buildConfigurationList = 59887CCC1AC203B6003D6FB7 /* Build configuration list for PBXProject "StarWars" */;
			compatibilityVersion = "Xcode 3.2";
			developmentRegion = English;
			hasScannedForEncodings = 0;
			knownRegions = (
				en,
				Base,
			);
			mainGroup = 59887CC81AC203B6003D6FB7;
			productRefGroup = 59887CD21AC203B6003D6FB7 /* Products */;
			projectDirPath = "";
			projectRoot = "";
			targets = (
				59887CD01AC203B6003D6FB7 /* StarWars */,
				59887CE31AC203B6003D6FB7 /* StarWarsTests */,
			);
		};
/* End PBXProject section */

/* Begin PBXResourcesBuildPhase section */
		59887CCF1AC203B6003D6FB7 /* Resources */ = {
			isa = PBXResourcesBuildPhase;
			buildActionMask = 2147483647;
			files = (
				59887D191AC22818003D6FB7 /* iconSmall.png in Resources */,
				59887D1D1AC22818003D6FB7 /* R2-D2.jpg in Resources */,
				59B02DA41AC457B400FC0463 /* yoda_icon@2x.png in Resources */,
				59887D1F1AC22818003D6FB7 /* tarkin.jpg in Resources */,
				59887D131AC22818003D6FB7 /* c3po.jpg in Resources */,
				59887D1B1AC22818003D6FB7 /* palpatine.jpg in Resources */,
				59887D1E1AC22818003D6FB7 /* tarkin.caf in Resources */,
				59B02DA31AC457B400FC0463 /* yoda_icon.png in Resources */,
				59B02D881AC34E6000FC0463 /* FLGWikiViewController.xib in Resources */,
				59B02D9F1AC457B400FC0463 /* r2d2_icon.png in Resources */,
				59887CDF1AC203B6003D6FB7 /* LaunchScreen.xib in Resources */,
				59B02D9C1AC457B400FC0463 /* c-3po_icon@2x.png in Resources */,
				59B02D9B1AC457B400FC0463 /* c-3po_icon.png in Resources */,
				59887D221AC22818003D6FB7 /* yoda.jpg in Resources */,
				59B02D9E1AC457B400FC0463 /* chewbacca_icon@2x.png in Resources */,
				59887D181AC22818003D6FB7 /* icon.png in Resources */,
				59887D171AC22818003D6FB7 /* darthVader.jpg in Resources */,
				59B02DA11AC457B400FC0463 /* vader_icon.png in Resources */,
				59B02D8B1AC3598B00FC0463 /* icono_alumno.png in Resources */,
				59887D211AC22818003D6FB7 /* yoda.caf in Resources */,
				59887D1A1AC22818003D6FB7 /* palpatine.caf in Resources */,
				59887D151AC22818003D6FB7 /* chewbacca.caf in Resources */,
				59B02DA21AC457B400FC0463 /* vader_icon@2x.png in Resources */,
				59B02DA01AC457B400FC0463 /* r2d2_icon@2x.png in Resources */,
				59887D1C1AC22818003D6FB7 /* r2-d2.caf in Resources */,
				59887D201AC22818003D6FB7 /* vader.caf in Resources */,
				59887D011AC21A88003D6FB7 /* FLGCharacterViewController.xib in Resources */,
				59B02D9D1AC457B400FC0463 /* chewbacca_icon.png in Resources */,
				59887D141AC22818003D6FB7 /* c3po.caf in Resources */,
				59B02D8C1AC3598B00FC0463 /* icono_practica.png in Resources */,
				59887CDC1AC203B6003D6FB7 /* Images.xcassets in Resources */,
				59887D161AC22818003D6FB7 /* chewbacca.jpg in Resources */,
			);
			runOnlyForDeploymentPostprocessing = 0;
		};
		59887CE21AC203B6003D6FB7 /* Resources */ = {
			isa = PBXResourcesBuildPhase;
			buildActionMask = 2147483647;
			files = (
			);
			runOnlyForDeploymentPostprocessing = 0;
		};
/* End PBXResourcesBuildPhase section */

/* Begin PBXSourcesBuildPhase section */
		59887CCD1AC203B6003D6FB7 /* Sources */ = {
			isa = PBXSourcesBuildPhase;
			buildActionMask = 2147483647;
			files = (
				59848AB81AC4997A0011BB18 /* FLGUniverseTableViewController.m in Sources */,
				59B02D871AC34E6000FC0463 /* FLGWikiViewController.m in Sources */,
				59887D001AC21A88003D6FB7 /* FLGCharacterViewController.m in Sources */,
				59887CDA1AC203B6003D6FB7 /* AppDelegate.m in Sources */,
				59B02D821AC346BE00FC0463 /* CafPlayer.m in Sources */,
				59B02D901AC3768D00FC0463 /* FLGStarWarsUniverse.m in Sources */,
				59887CF61AC215C6003D6FB7 /* FLGStarWarsCharacter.m in Sources */,
				59887CD71AC203B6003D6FB7 /* main.m in Sources */,
			);
			runOnlyForDeploymentPostprocessing = 0;
		};
		59887CE01AC203B6003D6FB7 /* Sources */ = {
			isa = PBXSourcesBuildPhase;
			buildActionMask = 2147483647;
			files = (
				59887CEB1AC203B6003D6FB7 /* StarWarsTests.m in Sources */,
			);
			runOnlyForDeploymentPostprocessing = 0;
		};
/* End PBXSourcesBuildPhase section */

/* Begin PBXTargetDependency section */
		59887CE61AC203B6003D6FB7 /* PBXTargetDependency */ = {
			isa = PBXTargetDependency;
			target = 59887CD01AC203B6003D6FB7 /* StarWars */;
			targetProxy = 59887CE51AC203B6003D6FB7 /* PBXContainerItemProxy */;
		};
/* End PBXTargetDependency section */

/* Begin PBXVariantGroup section */
		59887CDD1AC203B6003D6FB7 /* LaunchScreen.xib */ = {
			isa = PBXVariantGroup;
			children = (
				59887CDE1AC203B6003D6FB7 /* Base */,
			);
			name = LaunchScreen.xib;
			sourceTree = "<group>";
		};
/* End PBXVariantGroup section */

/* Begin XCBuildConfiguration section */
		59887CEC1AC203B6003D6FB7 /* Debug */ = {
			isa = XCBuildConfiguration;
			buildSettings = {
				ALWAYS_SEARCH_USER_PATHS = NO;
				CLANG_CXX_LANGUAGE_STANDARD = "gnu++0x";
				CLANG_CXX_LIBRARY = "libc++";
				CLANG_ENABLE_MODULES = YES;
				CLANG_ENABLE_OBJC_ARC = YES;
				CLANG_WARN_BOOL_CONVERSION = YES;
				CLANG_WARN_CONSTANT_CONVERSION = YES;
				CLANG_WARN_DIRECT_OBJC_ISA_USAGE = YES_ERROR;
				CLANG_WARN_EMPTY_BODY = YES;
				CLANG_WARN_ENUM_CONVERSION = YES;
				CLANG_WARN_INT_CONVERSION = YES;
				CLANG_WARN_OBJC_ROOT_CLASS = YES_ERROR;
				CLANG_WARN_UNREACHABLE_CODE = YES;
				CLANG_WARN__DUPLICATE_METHOD_MATCH = YES;
				"CODE_SIGN_IDENTITY[sdk=iphoneos*]" = "iPhone Developer";
				COPY_PHASE_STRIP = NO;
				ENABLE_STRICT_OBJC_MSGSEND = YES;
				GCC_C_LANGUAGE_STANDARD = gnu99;
				GCC_DYNAMIC_NO_PIC = NO;
				GCC_OPTIMIZATION_LEVEL = 0;
				GCC_PREPROCESSOR_DEFINITIONS = (
					"DEBUG=1",
					"$(inherited)",
				);
				GCC_SYMBOLS_PRIVATE_EXTERN = NO;
				GCC_WARN_64_TO_32_BIT_CONVERSION = YES;
				GCC_WARN_ABOUT_RETURN_TYPE = YES_ERROR;
				GCC_WARN_UNDECLARED_SELECTOR = YES;
				GCC_WARN_UNINITIALIZED_AUTOS = YES_AGGRESSIVE;
				GCC_WARN_UNUSED_FUNCTION = YES;
				GCC_WARN_UNUSED_VARIABLE = YES;
				IPHONEOS_DEPLOYMENT_TARGET = 8.2;
				MTL_ENABLE_DEBUG_INFO = YES;
				ONLY_ACTIVE_ARCH = YES;
				SDKROOT = iphoneos;
				TARGETED_DEVICE_FAMILY = 2;
			};
			name = Debug;
		};
		59887CED1AC203B6003D6FB7 /* Release */ = {
			isa = XCBuildConfiguration;
			buildSettings = {
				ALWAYS_SEARCH_USER_PATHS = NO;
				CLANG_CXX_LANGUAGE_STANDARD = "gnu++0x";
				CLANG_CXX_LIBRARY = "libc++";
				CLANG_ENABLE_MODULES = YES;
				CLANG_ENABLE_OBJC_ARC = YES;
				CLANG_WARN_BOOL_CONVERSION = YES;
				CLANG_WARN_CONSTANT_CONVERSION = YES;
				CLANG_WARN_DIRECT_OBJC_ISA_USAGE = YES_ERROR;
				CLANG_WARN_EMPTY_BODY = YES;
				CLANG_WARN_ENUM_CONVERSION = YES;
				CLANG_WARN_INT_CONVERSION = YES;
				CLANG_WARN_OBJC_ROOT_CLASS = YES_ERROR;
				CLANG_WARN_UNREACHABLE_CODE = YES;
				CLANG_WARN__DUPLICATE_METHOD_MATCH = YES;
				"CODE_SIGN_IDENTITY[sdk=iphoneos*]" = "iPhone Developer";
				COPY_PHASE_STRIP = NO;
				ENABLE_NS_ASSERTIONS = NO;
				ENABLE_STRICT_OBJC_MSGSEND = YES;
				GCC_C_LANGUAGE_STANDARD = gnu99;
				GCC_WARN_64_TO_32_BIT_CONVERSION = YES;
				GCC_WARN_ABOUT_RETURN_TYPE = YES_ERROR;
				GCC_WARN_UNDECLARED_SELECTOR = YES;
				GCC_WARN_UNINITIALIZED_AUTOS = YES_AGGRESSIVE;
				GCC_WARN_UNUSED_FUNCTION = YES;
				GCC_WARN_UNUSED_VARIABLE = YES;
				IPHONEOS_DEPLOYMENT_TARGET = 8.2;
				MTL_ENABLE_DEBUG_INFO = NO;
				SDKROOT = iphoneos;
				TARGETED_DEVICE_FAMILY = 2;
				VALIDATE_PRODUCT = YES;
			};
			name = Release;
		};
		59887CEF1AC203B6003D6FB7 /* Debug */ = {
			isa = XCBuildConfiguration;
			buildSettings = {
				ASSETCATALOG_COMPILER_APPICON_NAME = AppIcon;
				CODE_SIGN_IDENTITY = "iPhone Developer";
				INFOPLIST_FILE = StarWars/Info.plist;
				IPHONEOS_DEPLOYMENT_TARGET = 8.0;
				LD_RUNPATH_SEARCH_PATHS = "$(inherited) @executable_path/Frameworks";
				PRODUCT_NAME = "$(TARGET_NAME)";
			};
			name = Debug;
		};
		59887CF01AC203B6003D6FB7 /* Release */ = {
			isa = XCBuildConfiguration;
			buildSettings = {
				ASSETCATALOG_COMPILER_APPICON_NAME = AppIcon;
				CODE_SIGN_IDENTITY = "iPhone Developer";
				INFOPLIST_FILE = StarWars/Info.plist;
				IPHONEOS_DEPLOYMENT_TARGET = 8.0;
				LD_RUNPATH_SEARCH_PATHS = "$(inherited) @executable_path/Frameworks";
				PRODUCT_NAME = "$(TARGET_NAME)";
			};
			name = Release;
		};
		59887CF21AC203B6003D6FB7 /* Debug */ = {
			isa = XCBuildConfiguration;
			buildSettings = {
				BUNDLE_LOADER = "$(TEST_HOST)";
				FRAMEWORK_SEARCH_PATHS = (
					"$(SDKROOT)/Developer/Library/Frameworks",
					"$(inherited)",
				);
				GCC_PREPROCESSOR_DEFINITIONS = (
					"DEBUG=1",
					"$(inherited)",
				);
				INFOPLIST_FILE = StarWarsTests/Info.plist;
				LD_RUNPATH_SEARCH_PATHS = "$(inherited) @executable_path/Frameworks @loader_path/Frameworks";
				PRODUCT_NAME = "$(TARGET_NAME)";
				TEST_HOST = "$(BUILT_PRODUCTS_DIR)/StarWars.app/StarWars";
			};
			name = Debug;
		};
		59887CF31AC203B6003D6FB7 /* Release */ = {
			isa = XCBuildConfiguration;
			buildSettings = {
				BUNDLE_LOADER = "$(TEST_HOST)";
				FRAMEWORK_SEARCH_PATHS = (
					"$(SDKROOT)/Developer/Library/Frameworks",
					"$(inherited)",
				);
				INFOPLIST_FILE = StarWarsTests/Info.plist;
				LD_RUNPATH_SEARCH_PATHS = "$(inherited) @executable_path/Frameworks @loader_path/Frameworks";
				PRODUCT_NAME = "$(TARGET_NAME)";
				TEST_HOST = "$(BUILT_PRODUCTS_DIR)/StarWars.app/StarWars";
			};
			name = Release;
		};
/* End XCBuildConfiguration section */

/* Begin XCConfigurationList section */
		59887CCC1AC203B6003D6FB7 /* Build configuration list for PBXProject "StarWars" */ = {
			isa = XCConfigurationList;
			buildConfigurations = (
				59887CEC1AC203B6003D6FB7 /* Debug */,
				59887CED1AC203B6003D6FB7 /* Release */,
			);
			defaultConfigurationIsVisible = 0;
			defaultConfigurationName = Release;
		};
		59887CEE1AC203B6003D6FB7 /* Build configuration list for PBXNativeTarget "StarWars" */ = {
			isa = XCConfigurationList;
			buildConfigurations = (
				59887CEF1AC203B6003D6FB7 /* Debug */,
				59887CF01AC203B6003D6FB7 /* Release */,
			);
			defaultConfigurationIsVisible = 0;
			defaultConfigurationName = Release;
		};
		59887CF11AC203B6003D6FB7 /* Build configuration list for PBXNativeTarget "StarWarsTests" */ = {
			isa = XCConfigurationList;
			buildConfigurations = (
				59887CF21AC203B6003D6FB7 /* Debug */,
				59887CF31AC203B6003D6FB7 /* Release */,
			);
			defaultConfigurationIsVisible = 0;
			defaultConfigurationName = Release;
		};
/* End XCConfigurationList section */
	};
	rootObject = 59887CC91AC203B6003D6FB7 /* Project object */;
}
